
Microsoft Visual Studio Solution File, Format Version 12.00
# Visual Studio 15
Project("{FAE04EC0-301F-11D3-BF4B-00C04F79EFBC}") = "Assembly-CSharp", "Assembly-CSharp.csproj", "{B27A1C4D-BEDD-0BCD-F27A-3DB1AAC03A55}"
EndProject
Project("{FAE04EC0-301F-11D3-BF4B-00C04F79EFBC}") = "Assembly-CSharp-Editor", "Assembly-CSharp-Editor.csproj", "{2E8FC85F-B086-B4E4-3294-5ED97666160A}"
EndProject
Global
	GlobalSection(SolutionConfigurationPlatforms) = preSolution
		Debug|Any CPU = Debug|Any CPU
		Release|Any CPU = Release|Any CPU
	EndGlobalSection
	GlobalSection(ProjectConfigurationPlatforms) = postSolution
		{B27A1C4D-BEDD-0BCD-F27A-3DB1AAC03A55}.Debug|Any CPU.ActiveCfg = Debug|Any CPU
		{B27A1C4D-BEDD-0BCD-F27A-3DB1AAC03A55}.Debug|Any CPU.Build.0 = Debug|Any CPU
		{B27A1C4D-BEDD-0BCD-F27A-3DB1AAC03A55}.Release|Any CPU.ActiveCfg = Release|Any CPU
		{B27A1C4D-BEDD-0BCD-F27A-3DB1AAC03A55}.Release|Any CPU.Build.0 = Release|Any CPU
		{2E8FC85F-B086-B4E4-3294-5ED97666160A}.Debug|Any CPU.ActiveCfg = Debug|Any CPU
		{2E8FC85F-B086-B4E4-3294-5ED97666160A}.Debug|Any CPU.Build.0 = Debug|Any CPU
		{2E8FC85F-B086-B4E4-3294-5ED97666160A}.Release|Any CPU.ActiveCfg = Release|Any CPU
		{2E8FC85F-B086-B4E4-3294-5ED97666160A}.Release|Any CPU.Build.0 = Release|Any CPU
	EndGlobalSection
	GlobalSection(SolutionProperties) = preSolution
		HideSolutionNode = FALSE
	EndGlobalSection
EndGlobal
